<?xml version="1.0" encoding="utf-8"?>
<Project ToolsVersion="4.0" xmlns="http://schemas.microsoft.com/developer/msbuild/2003">
  <ItemGroup>
    <Filter Include="Source Files">
      <UniqueIdentifier>{4FC737F1-C7A5-4376-A066-2A32D752A2FF}</UniqueIdentifier>
      <Extensions>qml;cpp;c;cc;cxx;def;odl;idl;hpj;bat;asm;asmx</Extensions>
    </Filter>
    <Filter Include="Header Files">
      <UniqueIdentifier>{93995380-89BD-4b04-88EB-625FBE52EBFB}</UniqueIdentifier>
      <Extensions>h;hh;hpp;hxx;hm;inl;inc;xsd</Extensions>
    </Filter>
    <Filter Include="Resource Files">
      <UniqueIdentifier>{67DA6AB6-F800-4c08-8B7A-83BB121AAD01}</UniqueIdentifier>
      <Extensions>qrc;rc;ico;cur;bmp;dlg;rc2;rct;bin;rgs;gif;jpg;jpeg;jpe;resx;tiff;tif;png;wav;mfcribbon-ms</Extensions>
    </Filter>
    <Filter Include="Form Files">
      <UniqueIdentifier>{99349809-55BA-4b9d-BF79-8FDBB0286EB3}</UniqueIdentifier>
      <Extensions>ui</Extensions>
    </Filter>
    <Filter Include="Translation Files">
      <UniqueIdentifier>{639EADAA-A684-42e4-A9AD-28FC9BCB8F7C}</UniqueIdentifier>
      <Extensions>ts</Extensions>
    </Filter>
  </ItemGroup>
  <ItemGroup>
    <ClCompile Include="assignmentnode.cpp">
      <Filter>Source Files</Filter>
    </ClCompile>
    <ClCompile Include="astnode.cpp">
      <Filter>Source Files</Filter>
    </ClCompile>
    <ClCompile Include="buildin.cpp">
      <Filter>Source Files</Filter>
    </ClCompile>
    <ClCompile Include="casenode.cpp">
      <Filter>Source Files</Filter>
    </ClCompile>
    <ClCompile Include="IAction.cpp">
      <Filter>Source Files</Filter>
    </ClCompile>
    <ClCompile Include="identifiernode.cpp">
      <Filter>Source Files</Filter>
    </ClCompile>
    <ClCompile Include="ifnode.cpp">
      <Filter>Source Files</Filter>
    </ClCompile>
    <ClCompile Include="nullnode.cpp">
      <Filter>Source Files</Filter>
    </ClCompile>
    <ClCompile Include="numberliteralnode.cpp">
      <Filter>Source Files</Filter>
    </ClCompile>
    <ClCompile Include="operatornode.cpp">
      <Filter>Source Files</Filter>
    </ClCompile>
    <ClCompile Include="parameternode.cpp">
      <Filter>Source Files</Filter>
    </ClCompile>
    <ClCompile Include="paramnode.cpp">
      <Filter>Source Files</Filter>
    </ClCompile>
    <ClCompile Include="printnode.cpp">
      <Filter>Source Files</Filter>
    </ClCompile>
    <ClCompile Include="returnnode.cpp">
      <Filter>Source Files</Filter>
    </ClCompile>
    <ClCompile Include="speeddata.cpp">
      <Filter>Source Files</Filter>
    </ClCompile>
    <ClCompile Include="statementlistnode.cpp">
      <Filter>Source Files</Filter>
    </ClCompile>
    <ClCompile Include="stringliteralnode.cpp">
      <Filter>Source Files</Filter>
    </ClCompile>
    <ClCompile Include="symboltable.cpp">
      <Filter>Source Files</Filter>
    </ClCompile>
    <ClCompile Include="translator.cpp">
      <Filter>Source Files</Filter>
    </ClCompile>
    <ClCompile Include="whilenode.cpp">
      <Filter>Source Files</Filter>
    </ClCompile>
    <ClCompile Include="lexer.cpp">
      <Filter>Source Files</Filter>
    </ClCompile>
    <ClCompile Include="stopnode.cpp">
      <Filter>Source Files</Filter>
    </ClCompile>
    <ClCompile Include="twait.cpp">
      <Filter>Source Files</Filter>
    </ClCompile>
    <ClCompile Include="type.cpp">
      <Filter>Source Files</Filter>
    </ClCompile>
    <ClCompile Include="switch_case_list.cpp">
      <Filter>Source Files</Filter>
    </ClCompile>
    <ClCompile Include="switch.cpp">
      <Filter>Source Files</Filter>
    </ClCompile>
    <ClCompile Include="functionnode.cpp">
      <Filter>Source Files</Filter>
    </ClCompile>
    <ClCompile Include="labelnode.cpp">
      <Filter>Source Files</Filter>
    </ClCompile>
    <ClCompile Include="goto.cpp">
      <Filter>Source Files</Filter>
    </ClCompile>
    <ClCompile Include="dimnumnode.cpp">
      <Filter>Source Files</Filter>
    </ClCompile>
    <ClCompile Include="arccnode.cpp">
      <Filter>Source Files</Filter>
    </ClCompile>
    <ClCompile Include="arclnode.cpp">
      <Filter>Source Files</Filter>
    </ClCompile>
    <ClCompile Include="arclstartnode.cpp">
      <Filter>Source Files</Filter>
    </ClCompile>
    <ClCompile Include="jointtargetnode.cpp">
      <Filter>Source Files</Filter>
    </ClCompile>
    <ClCompile Include="movejnode.cpp">
      <Filter>Source Files</Filter>
    </ClCompile>
    <ClCompile Include="movelnode.cpp">
      <Filter>Source Files</Filter>
    </ClCompile>
    <ClCompile Include="tpwritenode.cpp">
      <Filter>Source Files</Filter>
    </ClCompile>
    <ClCompile Include="wobjdatanode.cpp">
      <Filter>Source Files</Filter>
    </ClCompile>
    <ClCompile Include="parser.tab.cpp">
      <Filter>Source Files</Filter>
    </ClCompile>
    <ClCompile Include="arcendnode.cpp">
      <Filter>Source Files</Filter>
    </ClCompile>
    <ClCompile Include="robtargetnode.cpp">
      <Filter>Source Files</Filter>
    </ClCompile>
    <ClCompile Include="activationrecord.cpp">
      <Filter>Source Files</Filter>
    </ClCompile>
    <ClCompile Include="main.cpp">
      <Filter>Source Files</Filter>
    </ClCompile>
    <ClCompile Include="actunitnode.cpp">
      <Filter>Source Files</Filter>
    </ClCompile>
    <ClCompile Include="deactunitnode.cpp">
      <Filter>Source Files</Filter>
    </ClCompile>
    <ClCompile Include="moveabsjnode.cpp">
      <Filter>Source Files</Filter>
    </ClCompile>
    <ClCompile Include="fornode.cpp">
      <Filter>Source Files</Filter>
    </ClCompile>
    <ClCompile Include="tooldatanode.cpp">
      <Filter>Source Files</Filter>
    </ClCompile>
    <ClCompile Include="elseifnode.cpp">
      <Filter>Source Files</Filter>
    </ClCompile>
    <ClCompile Include="modulenode.cpp">
      <Filter>Source Files</Filter>
    </ClCompile>
    <ClCompile Include="variable.cpp">
      <Filter>Source Files</Filter>
    </ClCompile>
    <ClCompile Include="declaration_list.cpp">
      <Filter>Source Files</Filter>
    </ClCompile>
    <ClCompile Include="arraydatanode.cpp">
      <Filter>Source Files</Filter>
    </ClCompile>
    <ClCompile Include="functioncallnode.cpp">
      <Filter>Source Files</Filter>
    </ClCompile>
  </ItemGroup>
  <ItemGroup>
    <ClInclude Include="assignmentnode.h">
      <Filter>Header Files</Filter>
    </ClInclude>
    <ClInclude Include="ast.h">
      <Filter>Header Files</Filter>
    </ClInclude>
    <ClInclude Include="astnode.h">
      <Filter>Header Files</Filter>
    </ClInclude>
    <ClInclude Include="buildin.h">
      <Filter>Header Files</Filter>
    </ClInclude>
    <ClInclude Include="casenode.h">
      <Filter>Header Files</Filter>
    </ClInclude>
    <ClInclude Include="FlexLexer.h">
      <Filter>Header Files</Filter>
    </ClInclude>
    <ClInclude Include="IAction.h">
      <Filter>Header Files</Filter>
    </ClInclude>
    <ClInclude Include="identifiernode.h">
      <Filter>Header Files</Filter>
    </ClInclude>
    <ClInclude Include="ifnode.h">
      <Filter>Header Files</Filter>
    </ClInclude>
    <ClInclude Include="nullnode.h">
      <Filter>Header Files</Filter>
    </ClInclude>
    <ClInclude Include="numberliteralnode.h">
      <Filter>Header Files</Filter>
    </ClInclude>
    <ClInclude Include="operatornode.h">
      <Filter>Header Files</Filter>
    </ClInclude>
    <ClInclude Include="parameternode.h">
      <Filter>Header Files</Filter>
    </ClInclude>
    <ClInclude Include="paramnode.h">
      <Filter>Header Files</Filter>
    </ClInclude>
    <ClInclude Include="printnode.h">
      <Filter>Header Files</Filter>
    </ClInclude>
    <ClInclude Include="returnnode.h">
      <Filter>Header Files</Filter>
    </ClInclude>
    <ClInclude Include="speeddata.h">
      <Filter>Header Files</Filter>
    </ClInclude>
    <ClInclude Include="statementlistnode.h">
      <Filter>Header Files</Filter>
    </ClInclude>
    <ClInclude Include="stringliteralnode.h">
      <Filter>Header Files</Filter>
    </ClInclude>
    <ClInclude Include="symboltable.h">
      <Filter>Header Files</Filter>
    </ClInclude>
    <ClInclude Include="translator.hpp">
      <Filter>Header Files</Filter>
    </ClInclude>
    <ClInclude Include="variablerecord.h">
      <Filter>Header Files</Filter>
    </ClInclude>
    <ClInclude Include="whilenode.h">
      <Filter>Header Files</Filter>
    </ClInclude>
    <ClInclude Include="functionnode.h">
      <Filter>Header Files</Filter>
    </ClInclude>
    <ClInclude Include="goto.h">
      <Filter>Header Files</Filter>
    </ClInclude>
    <ClInclude Include="labelnode.h">
      <Filter>Header Files</Filter>
    </ClInclude>
    <ClInclude Include="type.h">
      <Filter>Header Files</Filter>
    </ClInclude>
    <ClInclude Include="twait.h">
      <Filter>Header Files</Filter>
    </ClInclude>
    <ClInclude Include="switch_case_list.h">
      <Filter>Header Files</Filter>
    </ClInclude>
    <ClInclude Include="switch.h">
      <Filter>Header Files</Filter>
    </ClInclude>
    <ClInclude Include="stopnode.h">
      <Filter>Header Files</Filter>
    </ClInclude>
    <ClInclude Include="dimnumnode.h">
      <Filter>Header Files</Filter>
    </ClInclude>
    <ClInclude Include="arccnode.h">
      <Filter>Header Files</Filter>
    </ClInclude>
    <ClInclude Include="arclnode.h">
      <Filter>Header Files</Filter>
    </ClInclude>
    <ClInclude Include="arclstartnode.h">
      <Filter>Header Files</Filter>
    </ClInclude>
    <ClInclude Include="jointtargetnode.h">
      <Filter>Header Files</Filter>
    </ClInclude>
    <ClInclude Include="movejnode.h">
      <Filter>Header Files</Filter>
    </ClInclude>
    <ClInclude Include="movelnode.h">
      <Filter>Header Files</Filter>
    </ClInclude>
    <ClInclude Include="tpwritenode.h">
      <Filter>Header Files</Filter>
    </ClInclude>
    <ClInclude Include="wobjdatanode.h">
      <Filter>Header Files</Filter>
    </ClInclude>
    <ClInclude Include="parser.tab.hpp">
      <Filter>Header Files</Filter>
    </ClInclude>
    <ClInclude Include="stack.hh">
      <Filter>Header Files</Filter>
    </ClInclude>
    <ClInclude Include="arcendnode.h">
      <Filter>Header Files</Filter>
    </ClInclude>
    <ClInclude Include="robtargetnode.h">
      <Filter>Header Files</Filter>
    </ClInclude>
    <ClInclude Include="lexer.hpp">
      <Filter>Header Files</Filter>
    </ClInclude>
    <ClInclude Include="activationrecord.h">
      <Filter>Header Files</Filter>
    </ClInclude>
    <ClInclude Include="errors.h">
      <Filter>Header Files</Filter>
    </ClInclude>
    <ClInclude Include="actunitnode.h">
      <Filter>Header Files</Filter>
    </ClInclude>
    <ClInclude Include="deactunitnode.h">
      <Filter>Header Files</Filter>
    </ClInclude>
    <ClInclude Include="moveabsjnode.h">
      <Filter>Header Files</Filter>
    </ClInclude>
    <ClInclude Include="fornode.h">
      <Filter>Header Files</Filter>
    </ClInclude>
    <ClInclude Include="tooldatanode.h">
      <Filter>Header Files</Filter>
    </ClInclude>
    <ClInclude Include="elseifnode.h">
      <Filter>Header Files</Filter>
    </ClInclude>
    <ClInclude Include="modulenode.h">
      <Filter>Header Files</Filter>
    </ClInclude>
    <ClInclude Include="variable.h">
      <Filter>Header Files</Filter>
    </ClInclude>
    <ClInclude Include="declaration_list.h">
      <Filter>Header Files</Filter>
    </ClInclude>
    <ClInclude Include="arraydatanode.h">
      <Filter>Header Files</Filter>
    </ClInclude>
    <ClInclude Include="functioncallnode.h">
      <Filter>Header Files</Filter>
    </ClInclude>
  </ItemGroup>
  <ItemGroup>
    <CustomBuild Include="lexer.l">
      <Filter>Header Files</Filter>
    </CustomBuild>
    <CustomBuild Include="parser.y">
      <Filter>Header Files</Filter>
    </CustomBuild>
  </ItemGroup>
</Project>